
Microsoft Visual Studio Solution File, Format Version 12.00
# Visual Studio 14
VisualStudioVersion = 14.0.25420.1
MinimumVisualStudioVersion = 10.0.40219.1
Project("{FAE04EC0-301F-11D3-BF4B-00C04F79EFBC}") = "ConsoleApplication2", "ConsoleApplication2\ConsoleApplication2.csproj", "{E9CDBAEB-93E9-46A7-9436-E499DC08342D}"
EndProject
Global
	GlobalSection(SolutionConfigurationPlatforms) = preSolution
		Debug|Any CPU = Debug|Any CPU
		Release|Any CPU = Release|Any CPU
	EndGlobalSection
	GlobalSection(ProjectConfigurationPlatforms) = postSolution
		{E9CDBAEB-93E9-46A7-9436-E499DC08342D}.Debug|Any CPU.ActiveCfg = Debug|Any CPU
		{E9CDBAEB-93E9-46A7-9436-E499DC08342D}.Debug|Any CPU.Build.0 = Debug|Any CPU
		{E9CDBAEB-93E9-46A7-9436-E499DC08342D}.Release|Any CPU.ActiveCfg = Release|Any CPU
		{E9CDBAEB-93E9-46A7-9436-E499DC08342D}.Release|Any CPU.Build.0 = Release|Any CPU
	EndGlobalSection
	GlobalSection(SolutionProperties) = preSolution
		HideSolutionNode = FALSE
	EndGlobalSection
EndGlobal
